
Microsoft Visual Studio Solution File, Format Version 12.00
# Visual Studio Version 16
VisualStudioVersion = 16.0.30114.105
MinimumVisualStudioVersion = 10.0.40219.1
Project("{FAE04EC0-301F-11D3-BF4B-00C04F79EFBC}") = "HelltakerWidjet", "HelltakerWidjet\HelltakerWidjet.csproj", "{C8588FA7-4FE9-444F-A067-9F1D25DE56DC}"
EndProject
Global
	GlobalSection(SolutionConfigurationPlatforms) = preSolution
		Debug|Any CPU = Debug|Any CPU
		Debug|x86 = Debug|x86
		Release|Any CPU = Release|Any CPU
		Release|x86 = Release|x86
	EndGlobalSection
	GlobalSection(ProjectConfigurationPlatforms) = postSolution
		{C8588FA7-4FE9-444F-A067-9F1D25DE56DC}.Debug|Any CPU.ActiveCfg = Debug|Any CPU
		{C8588FA7-4FE9-444F-A067-9F1D25DE56DC}.Debug|Any CPU.Build.0 = Debug|Any CPU
		{C8588FA7-4FE9-444F-A067-9F1D25DE56DC}.Debug|x86.ActiveCfg = Debug|x86
		{C8588FA7-4FE9-444F-A067-9F1D25DE56DC}.Debug|x86.Build.0 = Debug|x86
		{C8588FA7-4FE9-444F-A067-9F1D25DE56DC}.Release|Any CPU.ActiveCfg = Release|Any CPU
		{C8588FA7-4FE9-444F-A067-9F1D25DE56DC}.Release|Any CPU.Build.0 = Release|Any CPU
		{C8588FA7-4FE9-444F-A067-9F1D25DE56DC}.Release|x86.ActiveCfg = Release|x86
		{C8588FA7-4FE9-444F-A067-9F1D25DE56DC}.Release|x86.Build.0 = Release|x86
	EndGlobalSection
	GlobalSection(SolutionProperties) = preSolution
		HideSolutionNode = FALSE
	EndGlobalSection
	GlobalSection(ExtensibilityGlobals) = postSolution
		SolutionGuid = {EB964683-F558-4831-B6C7-A9AD25F06D2E}
	EndGlobalSection
EndGlobal
